{
	"name": "pi-jev",
	"version": "0.2.0",
	"lockfileVersion": 3,
	"requires": true,
	"packages": {
		"": {
			"name": "pi-jev",
			"version": "0.2.0",
			"license": "MIT",
			"workspaces": [
				"packages/*"
			]
		},
		"node_modules/@pi-jev/core": {
			"resolved": "packages/core",
			"link": true
		},
		"node_modules/pi-jev-content-guard": {
			"resolved": "packages/content-guard",
			"link": true
		},
		"node_modules/pi-jev-placement-guard": {
			"resolved": "packages/placement-guard",
			"link": true
		},
		"packages/content-guard": {
			"name": "pi-jev-content-guard",
			"version": "0.2.0",
			"license": "MIT",
			"dependencies": {
				"@pi-jev/core": "^0.2.0"
			},
			"peerDependencies": {
				"@earendil-works/pi-coding-agent": "*"
			},
			"peerDependenciesMeta": {
				"@earendil-works/pi-coding-agent": {
					"optional": true
				}
			}
		},
		"packages/core": {
			"name": "@pi-jev/core",
			"version": "0.2.0",
			"license": "MIT"
		},
		"packages/placement-guard": {
			"name": "pi-jev-placement-guard",
			"version": "0.2.0",
			"license": "MIT",
			"dependencies": {
				"@pi-jev/core": "^0.2.0"
			},
			"peerDependencies": {
				"@earendil-works/pi-coding-agent": "*"
			},
			"peerDependenciesMeta": {
				"@earendil-works/pi-coding-agent": {
					"optional": true
				}
			}
		}
	}
}
