{
	"name": "pi-jev",
	"version": "0.1.0",
	"lockfileVersion": 3,
	"requires": true,
	"packages": {
		"": {
			"name": "pi-jev",
			"version": "0.1.0",
			"license": "MIT",
			"workspaces": [
				"packages/*"
			]
		},
		"node_modules/@pi-jev/core": {
			"resolved": "packages/core",
			"link": true
		},
		"node_modules/pi-jev-guard": {
			"resolved": "packages/guard",
			"link": true
		},
		"node_modules/pi-jev-tree-guard": {
			"resolved": "packages/tree-guard",
			"link": true
		},
		"packages/core": {
			"name": "@pi-jev/core",
			"version": "0.1.0",
			"license": "MIT"
		},
		"packages/guard": {
			"name": "pi-jev-guard",
			"version": "0.1.0",
			"license": "MIT"
		},
		"packages/tree-guard": {
			"name": "pi-jev-tree-guard",
			"version": "0.1.0",
			"license": "MIT"
		}
	}
}
